github.com/go-chi/chi/v5 v5.3.0 h1:halUjDxhshgXHMrao5bB8eNBXo/rnzwr8m5m36glehM=
github.com/go-chi/chi/v5 v5.3.0/go.mod h1:R+tYY2hNuVUUjxoPtqUdgBqevM9s9njzkTLutVsOCto=
github.com/kamalyes/go-argus v0.2.1 h1:OYIrKjNtjbGCBcVKPS1poNCegvgwJYOfXVp/8+x/tiM=
github.com/kamalyes/go-argus v0.2.1/go.mod h1:dG5ttCh6wVn1u5qq4NEvoFtibgQ5Bj3PT8rw7HKX8c0=
github.com/phuslu/log v1.0.127 h1:WDcEi5VHdBUjUtuQQ1rSQ8+WQbazJ/G404HjUF2aD1U=
github.com/phuslu/log v1.0.127/go.mod h1:F8osGJADo5qLK/0F88djWwdyoZZ9xDJQL1HYRHFEkS0=
